
Microsoft Visual Studio Solution File, Format Version 12.00
# Visual Studio Version 17
VisualStudioVersion = 17.5.002.0
MinimumVisualStudioVersion = 10.0.40219.1
Project("{2150E333-8FDC-42A3-9474-1A3956D46DE8}") = "2021", "2021", "{0F779235-6C8C-486C-A0E0-F68FFB0122AE}"
EndProject
Project("{2150E333-8FDC-42A3-9474-1A3956D46DE8}") = "C#", "C#", "{B84DCAAC-0876-4A8D-8B9A-3DC482B46EE2}"
EndProject
Project("{9A19103F-16F7-4668-BE54-9A1E7A4F7556}") = "Day1", "2021\C#\Day1\Day1.csproj", "{819441CD-CA14-4579-89C0-5902618E7A64}"
EndProject
Project("{9A19103F-16F7-4668-BE54-9A1E7A4F7556}") = "Day2", "2021\C#\Day2\Day2.csproj", "{607597E8-17DC-4F63-8FF8-F2E087D6D07E}"
EndProject
Project("{9A19103F-16F7-4668-BE54-9A1E7A4F7556}") = "day3", "2021\C#\Day3\day3.csproj", "{6F053686-3EC0-42F2-9B73-5EFF462FAF53}"
EndProject
Global
	GlobalSection(SolutionConfigurationPlatforms) = preSolution
		Debug|Any CPU = Debug|Any CPU
		Release|Any CPU = Release|Any CPU
	EndGlobalSection
	GlobalSection(ProjectConfigurationPlatforms) = postSolution
		{819441CD-CA14-4579-89C0-5902618E7A64}.Debug|Any CPU.ActiveCfg = Debug|Any CPU
		{819441CD-CA14-4579-89C0-5902618E7A64}.Debug|Any CPU.Build.0 = Debug|Any CPU
		{819441CD-CA14-4579-89C0-5902618E7A64}.Release|Any CPU.ActiveCfg = Release|Any CPU
		{819441CD-CA14-4579-89C0-5902618E7A64}.Release|Any CPU.Build.0 = Release|Any CPU
		{607597E8-17DC-4F63-8FF8-F2E087D6D07E}.Debug|Any CPU.ActiveCfg = Debug|Any CPU
		{607597E8-17DC-4F63-8FF8-F2E087D6D07E}.Debug|Any CPU.Build.0 = Debug|Any CPU
		{607597E8-17DC-4F63-8FF8-F2E087D6D07E}.Release|Any CPU.ActiveCfg = Release|Any CPU
		{607597E8-17DC-4F63-8FF8-F2E087D6D07E}.Release|Any CPU.Build.0 = Release|Any CPU
		{6F053686-3EC0-42F2-9B73-5EFF462FAF53}.Debug|Any CPU.ActiveCfg = Debug|Any CPU
		{6F053686-3EC0-42F2-9B73-5EFF462FAF53}.Debug|Any CPU.Build.0 = Debug|Any CPU
		{6F053686-3EC0-42F2-9B73-5EFF462FAF53}.Release|Any CPU.ActiveCfg = Release|Any CPU
		{6F053686-3EC0-42F2-9B73-5EFF462FAF53}.Release|Any CPU.Build.0 = Release|Any CPU
	EndGlobalSection
	GlobalSection(SolutionProperties) = preSolution
		HideSolutionNode = FALSE
	EndGlobalSection
	GlobalSection(NestedProjects) = preSolution
		{B84DCAAC-0876-4A8D-8B9A-3DC482B46EE2} = {0F779235-6C8C-486C-A0E0-F68FFB0122AE}
		{819441CD-CA14-4579-89C0-5902618E7A64} = {B84DCAAC-0876-4A8D-8B9A-3DC482B46EE2}
		{607597E8-17DC-4F63-8FF8-F2E087D6D07E} = {B84DCAAC-0876-4A8D-8B9A-3DC482B46EE2}
		{6F053686-3EC0-42F2-9B73-5EFF462FAF53} = {B84DCAAC-0876-4A8D-8B9A-3DC482B46EE2}
	EndGlobalSection
	GlobalSection(ExtensibilityGlobals) = postSolution
		SolutionGuid = {317B60CF-9840-4F2D-A93F-0D5FCD575D83}
	EndGlobalSection
EndGlobal
